
Microsoft Visual Studio Solution File, Format Version 12.00
# Visual Studio Version 17
VisualStudioVersion = 17.14.36414.22
MinimumVisualStudioVersion = 10.0.40219.1
Project("{9A19103F-16F7-4668-BE54-9A1E7A4F7556}") = "BuildHubAPI", "BuildHubAPI\BuildHubAPI.csproj", "{F8DB5826-399E-45A4-B48A-80CFADC5C13F}"
EndProject
Project("{00D1A9C2-B5F0-4AF3-8072-F6C62B433612}") = "BuildHubDatabase", "BuildHubDatabase\BuildHubDatabase.sqlproj", "{235AA642-2DC7-43B1-818D-FCFF75538DFD}"
EndProject
Project("{E24C65DC-7377-472B-9ABA-BC803B73C61A}") = "BuildHubFrontend", "BuildHubFrontend\", "{FDF4B59B-35AD-6015-B25A-E0DC55C3637F}"
	ProjectSection(WebsiteProperties) = preProject
		TargetFrameworkMoniker = ".NETFramework,Version%3Dv4.8"
		Debug.AspNetCompiler.VirtualPath = "/localhost_49388"
		Debug.AspNetCompiler.PhysicalPath = "BuildHubFrontend\"
		Debug.AspNetCompiler.TargetPath = "PrecompiledWeb\localhost_49388\"
		Debug.AspNetCompiler.Updateable = "true"
		Debug.AspNetCompiler.ForceOverwrite = "true"
		Debug.AspNetCompiler.FixedNames = "false"
		Debug.AspNetCompiler.Debug = "True"
		Release.AspNetCompiler.VirtualPath = "/localhost_49388"
		Release.AspNetCompiler.PhysicalPath = "BuildHubFrontend\"
		Release.AspNetCompiler.TargetPath = "PrecompiledWeb\localhost_49388\"
		Release.AspNetCompiler.Updateable = "true"
		Release.AspNetCompiler.ForceOverwrite = "true"
		Release.AspNetCompiler.FixedNames = "false"
		Release.AspNetCompiler.Debug = "False"
		VWDPort = "49388"
		SlnRelativePath = "BuildHubFrontend\"
	EndProjectSection
EndProject
Project("{9A19103F-16F7-4668-BE54-9A1E7A4F7556}") = "BuildHubDataEngine", "BuildHubDataEngine\BuildHubDataEngine.csproj", "{E69BE106-74D4-4B36-A8E2-D71CD4C4738B}"
EndProject
Project("{9A19103F-16F7-4668-BE54-9A1E7A4F7556}") = "UnitTests", "UnitTests\UnitTests.csproj", "{7F66EEA2-9B29-47E5-B04B-5836B5836DCE}"
	ProjectSection(ProjectDependencies) = postProject
		{62CE4BA6-0AD7-4CDA-925E-B4E7F746462B} = {62CE4BA6-0AD7-4CDA-925E-B4E7F746462B}
	EndProjectSection
EndProject
Project("{9A19103F-16F7-4668-BE54-9A1E7A4F7556}") = "BuildHubCommon", "BuildHubCommon\BuildHubCommon.csproj", "{62CE4BA6-0AD7-4CDA-925E-B4E7F746462B}"
EndProject
Project("{9A19103F-16F7-4668-BE54-9A1E7A4F7556}") = "BuildHubInfrastructure", "BuildHubInfrastructure\BuildHubInfrastructure.csproj", "{8C143D79-3D98-4CD4-98A9-14E7F997ABB5}"
EndProject
Global
	GlobalSection(SolutionConfigurationPlatforms) = preSolution
		Debug|Any CPU = Debug|Any CPU
		Release|Any CPU = Release|Any CPU
	EndGlobalSection
	GlobalSection(ProjectConfigurationPlatforms) = postSolution
		{F8DB5826-399E-45A4-B48A-80CFADC5C13F}.Debug|Any CPU.ActiveCfg = Debug|Any CPU
		{F8DB5826-399E-45A4-B48A-80CFADC5C13F}.Debug|Any CPU.Build.0 = Debug|Any CPU
		{F8DB5826-399E-45A4-B48A-80CFADC5C13F}.Release|Any CPU.ActiveCfg = Release|Any CPU
		{F8DB5826-399E-45A4-B48A-80CFADC5C13F}.Release|Any CPU.Build.0 = Release|Any CPU
		{235AA642-2DC7-43B1-818D-FCFF75538DFD}.Debug|Any CPU.ActiveCfg = Debug|Any CPU
		{235AA642-2DC7-43B1-818D-FCFF75538DFD}.Debug|Any CPU.Build.0 = Debug|Any CPU
		{235AA642-2DC7-43B1-818D-FCFF75538DFD}.Debug|Any CPU.Deploy.0 = Debug|Any CPU
		{235AA642-2DC7-43B1-818D-FCFF75538DFD}.Release|Any CPU.ActiveCfg = Release|Any CPU
		{235AA642-2DC7-43B1-818D-FCFF75538DFD}.Release|Any CPU.Build.0 = Release|Any CPU
		{235AA642-2DC7-43B1-818D-FCFF75538DFD}.Release|Any CPU.Deploy.0 = Release|Any CPU
		{FDF4B59B-35AD-6015-B25A-E0DC55C3637F}.Debug|Any CPU.ActiveCfg = Debug|Any CPU
		{FDF4B59B-35AD-6015-B25A-E0DC55C3637F}.Debug|Any CPU.Build.0 = Debug|Any CPU
		{FDF4B59B-35AD-6015-B25A-E0DC55C3637F}.Release|Any CPU.ActiveCfg = Debug|Any CPU
		{FDF4B59B-35AD-6015-B25A-E0DC55C3637F}.Release|Any CPU.Build.0 = Debug|Any CPU
		{E69BE106-74D4-4B36-A8E2-D71CD4C4738B}.Debug|Any CPU.ActiveCfg = Debug|Any CPU
		{E69BE106-74D4-4B36-A8E2-D71CD4C4738B}.Debug|Any CPU.Build.0 = Debug|Any CPU
		{E69BE106-74D4-4B36-A8E2-D71CD4C4738B}.Release|Any CPU.ActiveCfg = Release|Any CPU
		{E69BE106-74D4-4B36-A8E2-D71CD4C4738B}.Release|Any CPU.Build.0 = Release|Any CPU
		{7F66EEA2-9B29-47E5-B04B-5836B5836DCE}.Debug|Any CPU.ActiveCfg = Debug|Any CPU
		{7F66EEA2-9B29-47E5-B04B-5836B5836DCE}.Debug|Any CPU.Build.0 = Debug|Any CPU
		{7F66EEA2-9B29-47E5-B04B-5836B5836DCE}.Release|Any CPU.ActiveCfg = Release|Any CPU
		{7F66EEA2-9B29-47E5-B04B-5836B5836DCE}.Release|Any CPU.Build.0 = Release|Any CPU
		{62CE4BA6-0AD7-4CDA-925E-B4E7F746462B}.Debug|Any CPU.ActiveCfg = Debug|Any CPU
		{62CE4BA6-0AD7-4CDA-925E-B4E7F746462B}.Debug|Any CPU.Build.0 = Debug|Any CPU
		{62CE4BA6-0AD7-4CDA-925E-B4E7F746462B}.Release|Any CPU.ActiveCfg = Release|Any CPU
		{62CE4BA6-0AD7-4CDA-925E-B4E7F746462B}.Release|Any CPU.Build.0 = Release|Any CPU
		{8C143D79-3D98-4CD4-98A9-14E7F997ABB5}.Debug|Any CPU.ActiveCfg = Debug|Any CPU
		{8C143D79-3D98-4CD4-98A9-14E7F997ABB5}.Debug|Any CPU.Build.0 = Debug|Any CPU
		{8C143D79-3D98-4CD4-98A9-14E7F997ABB5}.Release|Any CPU.ActiveCfg = Release|Any CPU
		{8C143D79-3D98-4CD4-98A9-14E7F997ABB5}.Release|Any CPU.Build.0 = Release|Any CPU
	EndGlobalSection
	GlobalSection(SolutionProperties) = preSolution
		HideSolutionNode = FALSE
	EndGlobalSection
	GlobalSection(ExtensibilityGlobals) = postSolution
		SolutionGuid = {A860FD6E-CE62-4025-9922-BBBF18B96162}
	EndGlobalSection
EndGlobal
